
Microsoft Visual Studio Solution File, Format Version 12.00
# Visual Studio Version 16
VisualStudioVersion = 16.0.31727.386
MinimumVisualStudioVersion = 10.0.40219.1
Project("{8BC9CEB8-8B4A-11D0-8D11-00A0C91BC942}") = "2.Stack", "2.Stack\2.Stack.vcxproj", "{F6CB0F49-D761-4BC7-B1D7-6C6CB6C790AF}"
EndProject
Project("{8BC9CEB8-8B4A-11D0-8D11-00A0C91BC942}") = "3.Queue", "3.Queue\3.Queue.vcxproj", "{53369763-09E9-46E5-AEC4-034B3FB07821}"
EndProject
Project("{8BC9CEB8-8B4A-11D0-8D11-00A0C91BC942}") = "4.BinaryTree", "4.Tree\4.Tree.vcxproj", "{72113463-F72F-4610-B1C5-DDCF08DC9429}"
EndProject
Project("{8BC9CEB8-8B4A-11D0-8D11-00A0C91BC942}") = "1.LinearTable", "1.LinearTable\1.LinearTable.vcxproj", "{CD86BC26-4DF2-47EF-A161-4CEF95118F5C}"
EndProject
Project("{8BC9CEB8-8B4A-11D0-8D11-00A0C91BC942}") = "5.Graph", "5.Graph\5.Graph.vcxproj", "{4F831585-07EA-404D-8D28-9BC907C9E77F}"
EndProject
Global
	GlobalSection(SolutionConfigurationPlatforms) = preSolution
		Debug|x64 = Debug|x64
		Debug|x86 = Debug|x86
		Release|x64 = Release|x64
		Release|x86 = Release|x86
	EndGlobalSection
	GlobalSection(ProjectConfigurationPlatforms) = postSolution
		{F6CB0F49-D761-4BC7-B1D7-6C6CB6C790AF}.Debug|x64.ActiveCfg = Debug|x64
		{F6CB0F49-D761-4BC7-B1D7-6C6CB6C790AF}.Debug|x64.Build.0 = Debug|x64
		{F6CB0F49-D761-4BC7-B1D7-6C6CB6C790AF}.Debug|x86.ActiveCfg = Debug|Win32
		{F6CB0F49-D761-4BC7-B1D7-6C6CB6C790AF}.Debug|x86.Build.0 = Debug|Win32
		{F6CB0F49-D761-4BC7-B1D7-6C6CB6C790AF}.Release|x64.ActiveCfg = Release|x64
		{F6CB0F49-D761-4BC7-B1D7-6C6CB6C790AF}.Release|x64.Build.0 = Release|x64
		{F6CB0F49-D761-4BC7-B1D7-6C6CB6C790AF}.Release|x86.ActiveCfg = Release|Win32
		{F6CB0F49-D761-4BC7-B1D7-6C6CB6C790AF}.Release|x86.Build.0 = Release|Win32
		{53369763-09E9-46E5-AEC4-034B3FB07821}.Debug|x64.ActiveCfg = Debug|x64
		{53369763-09E9-46E5-AEC4-034B3FB07821}.Debug|x64.Build.0 = Debug|x64
		{53369763-09E9-46E5-AEC4-034B3FB07821}.Debug|x86.ActiveCfg = Debug|Win32
		{53369763-09E9-46E5-AEC4-034B3FB07821}.Debug|x86.Build.0 = Debug|Win32
		{53369763-09E9-46E5-AEC4-034B3FB07821}.Release|x64.ActiveCfg = Release|x64
		{53369763-09E9-46E5-AEC4-034B3FB07821}.Release|x64.Build.0 = Release|x64
		{53369763-09E9-46E5-AEC4-034B3FB07821}.Release|x86.ActiveCfg = Release|Win32
		{53369763-09E9-46E5-AEC4-034B3FB07821}.Release|x86.Build.0 = Release|Win32
		{72113463-F72F-4610-B1C5-DDCF08DC9429}.Debug|x64.ActiveCfg = Debug|x64
		{72113463-F72F-4610-B1C5-DDCF08DC9429}.Debug|x64.Build.0 = Debug|x64
		{72113463-F72F-4610-B1C5-DDCF08DC9429}.Debug|x86.ActiveCfg = Debug|Win32
		{72113463-F72F-4610-B1C5-DDCF08DC9429}.Debug|x86.Build.0 = Debug|Win32
		{72113463-F72F-4610-B1C5-DDCF08DC9429}.Release|x64.ActiveCfg = Release|x64
		{72113463-F72F-4610-B1C5-DDCF08DC9429}.Release|x64.Build.0 = Release|x64
		{72113463-F72F-4610-B1C5-DDCF08DC9429}.Release|x86.ActiveCfg = Release|Win32
		{72113463-F72F-4610-B1C5-DDCF08DC9429}.Release|x86.Build.0 = Release|Win32
		{CD86BC26-4DF2-47EF-A161-4CEF95118F5C}.Debug|x64.ActiveCfg = Debug|x64
		{CD86BC26-4DF2-47EF-A161-4CEF95118F5C}.Debug|x64.Build.0 = Debug|x64
		{CD86BC26-4DF2-47EF-A161-4CEF95118F5C}.Debug|x86.ActiveCfg = Debug|Win32
		{CD86BC26-4DF2-47EF-A161-4CEF95118F5C}.Debug|x86.Build.0 = Debug|Win32
		{CD86BC26-4DF2-47EF-A161-4CEF95118F5C}.Release|x64.ActiveCfg = Release|x64
		{CD86BC26-4DF2-47EF-A161-4CEF95118F5C}.Release|x64.Build.0 = Release|x64
		{CD86BC26-4DF2-47EF-A161-4CEF95118F5C}.Release|x86.ActiveCfg = Release|Win32
		{CD86BC26-4DF2-47EF-A161-4CEF95118F5C}.Release|x86.Build.0 = Release|Win32
		{4F831585-07EA-404D-8D28-9BC907C9E77F}.Debug|x64.ActiveCfg = Debug|x64
		{4F831585-07EA-404D-8D28-9BC907C9E77F}.Debug|x64.Build.0 = Debug|x64
		{4F831585-07EA-404D-8D28-9BC907C9E77F}.Debug|x86.ActiveCfg = Debug|Win32
		{4F831585-07EA-404D-8D28-9BC907C9E77F}.Debug|x86.Build.0 = Debug|Win32
		{4F831585-07EA-404D-8D28-9BC907C9E77F}.Release|x64.ActiveCfg = Release|x64
		{4F831585-07EA-404D-8D28-9BC907C9E77F}.Release|x64.Build.0 = Release|x64
		{4F831585-07EA-404D-8D28-9BC907C9E77F}.Release|x86.ActiveCfg = Release|Win32
		{4F831585-07EA-404D-8D28-9BC907C9E77F}.Release|x86.Build.0 = Release|Win32
	EndGlobalSection
	GlobalSection(SolutionProperties) = preSolution
		HideSolutionNode = FALSE
	EndGlobalSection
	GlobalSection(ExtensibilityGlobals) = postSolution
		SolutionGuid = {C0DFA14D-E617-435D-89FD-E9B78C8354CE}
	EndGlobalSection
EndGlobal
